
Microsoft Visual Studio Solution File, Format Version 12.00
# Visual Studio Version 16
VisualStudioVersion = 16.0.29411.108
MinimumVisualStudioVersion = 10.0.40219.1
Project("{9A19103F-16F7-4668-BE54-9A1E7A4F7556}") = "Webot", "Webot\Webot.csproj", "{2D188046-B7FE-4092-B83C-419C49C3FDAB}"
EndProject
Project("{9A19103F-16F7-4668-BE54-9A1E7A4F7556}") = "Webot.Data.Core", "Webot.Data.Core\Webot.Data.Core.csproj", "{5F150135-AC29-4111-9C07-47BA641F38C1}"
EndProject
Project("{2150E333-8FDC-42A3-9474-1A3956D46DE8}") = "Solution Items", "Solution Items", "{28AF89EF-352B-4009-A649-94700840616E}"
	ProjectSection(SolutionItems) = preProject
		.editorconfig = .editorconfig
	EndProjectSection
EndProject
Global
	GlobalSection(SolutionConfigurationPlatforms) = preSolution
		Debug|Any CPU = Debug|Any CPU
		Release|Any CPU = Release|Any CPU
	EndGlobalSection
	GlobalSection(ProjectConfigurationPlatforms) = postSolution
		{2D188046-B7FE-4092-B83C-419C49C3FDAB}.Debug|Any CPU.ActiveCfg = Debug|Any CPU
		{2D188046-B7FE-4092-B83C-419C49C3FDAB}.Debug|Any CPU.Build.0 = Debug|Any CPU
		{2D188046-B7FE-4092-B83C-419C49C3FDAB}.Release|Any CPU.ActiveCfg = Release|Any CPU
		{2D188046-B7FE-4092-B83C-419C49C3FDAB}.Release|Any CPU.Build.0 = Release|Any CPU
		{5F150135-AC29-4111-9C07-47BA641F38C1}.Debug|Any CPU.ActiveCfg = Debug|Any CPU
		{5F150135-AC29-4111-9C07-47BA641F38C1}.Debug|Any CPU.Build.0 = Debug|Any CPU
		{5F150135-AC29-4111-9C07-47BA641F38C1}.Release|Any CPU.ActiveCfg = Release|Any CPU
		{5F150135-AC29-4111-9C07-47BA641F38C1}.Release|Any CPU.Build.0 = Release|Any CPU
	EndGlobalSection
	GlobalSection(SolutionProperties) = preSolution
		HideSolutionNode = FALSE
	EndGlobalSection
	GlobalSection(ExtensibilityGlobals) = postSolution
		SolutionGuid = {1E9FED0A-75E0-417E-8176-7E2F37F8750E}
	EndGlobalSection
EndGlobal
