
Microsoft Visual Studio Solution File, Format Version 12.00
# Visual Studio Version 16
VisualStudioVersion = 16.0.29411.108
MinimumVisualStudioVersion = 10.0.40219.1
Project("{FAE04EC0-301F-11D3-BF4B-00C04F79EFBC}") = "Webot", "Webot\Webot.csproj", "{2D188046-B7FE-4092-B83C-419C49C3FDAB}"
EndProject
Global
	GlobalSection(SolutionConfigurationPlatforms) = preSolution
		Debug|Any CPU = Debug|Any CPU
		Release|Any CPU = Release|Any CPU
	EndGlobalSection
	GlobalSection(ProjectConfigurationPlatforms) = postSolution
		{2D188046-B7FE-4092-B83C-419C49C3FDAB}.Debug|Any CPU.ActiveCfg = Debug|Any CPU
		{2D188046-B7FE-4092-B83C-419C49C3FDAB}.Debug|Any CPU.Build.0 = Debug|Any CPU
		{2D188046-B7FE-4092-B83C-419C49C3FDAB}.Release|Any CPU.ActiveCfg = Release|Any CPU
		{2D188046-B7FE-4092-B83C-419C49C3FDAB}.Release|Any CPU.Build.0 = Release|Any CPU
	EndGlobalSection
	GlobalSection(SolutionProperties) = preSolution
		HideSolutionNode = FALSE
	EndGlobalSection
	GlobalSection(ExtensibilityGlobals) = postSolution
		SolutionGuid = {1E9FED0A-75E0-417E-8176-7E2F37F8750E}
	EndGlobalSection
EndGlobal
